
Microsoft Visual Studio Solution File, Format Version 12.00
# Visual Studio Version 16
VisualStudioVersion = 16.0.31702.278
MinimumVisualStudioVersion = 10.0.40219.1
Project("{FAE04EC0-301F-11D3-BF4B-00C04F79EFBC}") = "HospitalManagementSystem", "WinFormsApp2\HospitalManagementSystem.csproj", "{6B4D52F8-5042-4115-96D3-C628158124B8}"
EndProject
Global
	GlobalSection(SolutionConfigurationPlatforms) = preSolution
		Debug|Any CPU = Debug|Any CPU
		Release|Any CPU = Release|Any CPU
	EndGlobalSection
	GlobalSection(ProjectConfigurationPlatforms) = postSolution
		{6B4D52F8-5042-4115-96D3-C628158124B8}.Debug|Any CPU.ActiveCfg = Debug|Any CPU
		{6B4D52F8-5042-4115-96D3-C628158124B8}.Debug|Any CPU.Build.0 = Debug|Any CPU
		{6B4D52F8-5042-4115-96D3-C628158124B8}.Release|Any CPU.ActiveCfg = Release|Any CPU
		{6B4D52F8-5042-4115-96D3-C628158124B8}.Release|Any CPU.Build.0 = Release|Any CPU
	EndGlobalSection
	GlobalSection(SolutionProperties) = preSolution
		HideSolutionNode = FALSE
	EndGlobalSection
	GlobalSection(ExtensibilityGlobals) = postSolution
		SolutionGuid = {5795A8C5-591E-40F9-848D-D6F0D5ABC437}
	EndGlobalSection
EndGlobal
